// !$*UTF8*$!
{
	archiveVersion = 1;
	classes = {
	};
	objectVersion = 46;
	objects = {

/* Begin PBXBuildFile section */
		53F9D86B166DDE1400CE185A /* UIKit.framework in Frameworks */ = {isa = PBXBuildFile; fileRef = 53F9D86A166DDE1400CE185A /* UIKit.framework */; };
		53F9D86D166DDE1400CE185A /* Foundation.framework in Frameworks */ = {isa = PBXBuildFile; fileRef = 53F9D86C166DDE1400CE185A /* Foundation.framework */; };
		53F9D86F166DDE1400CE185A /* CoreGraphics.framework in Frameworks */ = {isa = PBXBuildFile; fileRef = 53F9D86E166DDE1400CE185A /* CoreGraphics.framework */; };
		53F9D875166DDE1400CE185A /* InfoPlist.strings in Resources */ = {isa = PBXBuildFile; fileRef = 53F9D873166DDE1400CE185A /* InfoPlist.strings */; };
		53F9D877166DDE1400CE185A /* main.m in Sources */ = {isa = PBXBuildFile; fileRef = 53F9D876166DDE1400CE185A /* main.m */; };
		53F9D881166DDE1400CE185A /* ITVViewController_iPhone.xib in Resources */ = {isa = PBXBuildFile; fileRef = 53F9D87F166DDE1400CE185A /* ITVViewController_iPhone.xib */; };
		53F9D884166DDE1400CE185A /* ITVViewController_iPad.xib in Resources */ = {isa = PBXBuildFile; fileRef = 53F9D882166DDE1400CE185A /* ITVViewController_iPad.xib */; };
		53F9D88F166F0BE500CE185A /* CoreAudio.framework in Frameworks */ = {isa = PBXBuildFile; fileRef = 53F9D88E166F0BE500CE185A /* CoreAudio.framework */; };
		53F9D891166F0BED00CE185A /* CoreMedia.framework in Frameworks */ = {isa = PBXBuildFile; fileRef = 53F9D890166F0BED00CE185A /* CoreMedia.framework */; };
		53F9D897166F0DD100CE185A /* ImageToVideo.m in Sources */ = {isa = PBXBuildFile; fileRef = 53F9D88C166DDE5C00CE185A /* ImageToVideo.m */; };
		53F9D8A4166F131100CE185A /* SystemConfiguration.framework in Frameworks */ = {isa = PBXBuildFile; fileRef = 53F9D8A3166F131100CE185A /* SystemConfiguration.framework */; };
		53F9D8A6166F132000CE185A /* CoreImage.framework in Frameworks */ = {isa = PBXBuildFile; fileRef = 53F9D8A5166F132000CE185A /* CoreImage.framework */; };
		53F9D8A8166F135D00CE185A /* QuartzCore.framework in Frameworks */ = {isa = PBXBuildFile; fileRef = 53F9D8A7166F135D00CE185A /* QuartzCore.framework */; };
		53F9D8AA166F137A00CE185A /* CoreVideo.framework in Frameworks */ = {isa = PBXBuildFile; fileRef = 53F9D8A9166F137A00CE185A /* CoreVideo.framework */; };
		53F9D8AC166F13E300CE185A /* Security.framework in Frameworks */ = {isa = PBXBuildFile; fileRef = 53F9D8AB166F13E300CE185A /* Security.framework */; };
		53F9D8AE166F13F000CE185A /* MobileCoreServices.framework in Frameworks */ = {isa = PBXBuildFile; fileRef = 53F9D8AD166F13F000CE185A /* MobileCoreServices.framework */; };
		53F9D8AF166F140500CE185A /* AVFoundation.framework in Frameworks */ = {isa = PBXBuildFile; fileRef = 53F9D892166F0C0700CE185A /* AVFoundation.framework */; };
		53F9D8FC166F72CA00CE185A /* MediaPlayer.framework in Frameworks */ = {isa = PBXBuildFile; fileRef = 53F9D8FB166F72CA00CE185A /* MediaPlayer.framework */; };
		7260465F1676F2610049951E /* ITVAppDelegate.m in Sources */ = {isa = PBXBuildFile; fileRef = 7260465E1676F2610049951E /* ITVAppDelegate.m */; };
		726046631676F29C0049951E /* ITVViewController.m in Sources */ = {isa = PBXBuildFile; fileRef = 726046621676F29C0049951E /* ITVViewController.m */; };
		726046671676F2AD0049951E /* UIImage+ImageFromView.m in Sources */ = {isa = PBXBuildFile; fileRef = 726046661676F2AD0049951E /* UIImage+ImageFromView.m */; };
/* End PBXBuildFile section */

/* Begin PBXFileReference section */
		53F9D866166DDE1400CE185A /* ImageToVideo.app */ = {isa = PBXFileReference; explicitFileType = wrapper.application; includeInIndex = 0; path = ImageToVideo.app; sourceTree = BUILT_PRODUCTS_DIR; };
		53F9D86A166DDE1400CE185A /* UIKit.framework */ = {isa = PBXFileReference; lastKnownFileType = wrapper.framework; name = UIKit.framework; path = System/Library/Frameworks/UIKit.framework; sourceTree = SDKROOT; };
		53F9D86C166DDE1400CE185A /* Foundation.framework */ = {isa = PBXFileReference; lastKnownFileType = wrapper.framework; name = Foundation.framework; path = System/Library/Frameworks/Foundation.framework; sourceTree = SDKROOT; };
		53F9D86E166DDE1400CE185A /* CoreGraphics.framework */ = {isa = PBXFileReference; lastKnownFileType = wrapper.framework; name = CoreGraphics.framework; path = System/Library/Frameworks/CoreGraphics.framework; sourceTree = SDKROOT; };
		53F9D872166DDE1400CE185A /* ImageToVideo-Info.plist */ = {isa = PBXFileReference; lastKnownFileType = text.plist.xml; path = "ImageToVideo-Info.plist"; sourceTree = "<group>"; };
		53F9D874166DDE1400CE185A /* en */ = {isa = PBXFileReference; lastKnownFileType = text.plist.strings; name = en; path = en.lproj/InfoPlist.strings; sourceTree = "<group>"; };
		53F9D876166DDE1400CE185A /* main.m */ = {isa = PBXFileReference; lastKnownFileType = sourcecode.c.objc; path = main.m; sourceTree = "<group>"; };
		53F9D878166DDE1400CE185A /* ImageToVideo-Prefix.pch */ = {isa = PBXFileReference; lastKnownFileType = sourcecode.c.h; path = "ImageToVideo-Prefix.pch"; sourceTree = "<group>"; };
		53F9D880166DDE1400CE185A /* en */ = {isa = PBXFileReference; lastKnownFileType = file.xib; name = en; path = en.lproj/ITVViewController_iPhone.xib; sourceTree = "<group>"; };
		53F9D883166DDE1400CE185A /* en */ = {isa = PBXFileReference; lastKnownFileType = file.xib; name = en; path = en.lproj/ITVViewController_iPad.xib; sourceTree = "<group>"; };
		53F9D88B166DDE5C00CE185A /* ImageToVideo.h */ = {isa = PBXFileReference; fileEncoding = 4; lastKnownFileType = sourcecode.c.h; name = ImageToVideo.h; path = ImageToVideo/ImageToVideo.h; sourceTree = "<group>"; };
		53F9D88C166DDE5C00CE185A /* ImageToVideo.m */ = {isa = PBXFileReference; fileEncoding = 4; lastKnownFileType = sourcecode.c.objc; name = ImageToVideo.m; path = ImageToVideo/ImageToVideo.m; sourceTree = "<group>"; };
		53F9D88E166F0BE500CE185A /* CoreAudio.framework */ = {isa = PBXFileReference; lastKnownFileType = wrapper.framework; name = CoreAudio.framework; path = System/Library/Frameworks/CoreAudio.framework; sourceTree = SDKROOT; };
		53F9D890166F0BED00CE185A /* CoreMedia.framework */ = {isa = PBXFileReference; lastKnownFileType = wrapper.framework; name = CoreMedia.framework; path = System/Library/Frameworks/CoreMedia.framework; sourceTree = SDKROOT; };
		53F9D892166F0C0700CE185A /* AVFoundation.framework */ = {isa = PBXFileReference; lastKnownFileType = wrapper.framework; name = AVFoundation.framework; path = System/Library/Frameworks/AVFoundation.framework; sourceTree = SDKROOT; };
		53F9D8A3166F131100CE185A /* SystemConfiguration.framework */ = {isa = PBXFileReference; lastKnownFileType = wrapper.framework; name = SystemConfiguration.framework; path = System/Library/Frameworks/SystemConfiguration.framework; sourceTree = SDKROOT; };
		53F9D8A5166F132000CE185A /* CoreImage.framework */ = {isa = PBXFileReference; lastKnownFileType = wrapper.framework; name = CoreImage.framework; path = System/Library/Frameworks/CoreImage.framework; sourceTree = SDKROOT; };
		53F9D8A7166F135D00CE185A /* QuartzCore.framework */ = {isa = PBXFileReference; lastKnownFileType = wrapper.framework; name = QuartzCore.framework; path = System/Library/Frameworks/QuartzCore.framework; sourceTree = SDKROOT; };
		53F9D8A9166F137A00CE185A /* CoreVideo.framework */ = {isa = PBXFileReference; lastKnownFileType = wrapper.framework; name = CoreVideo.framework; path = System/Library/Frameworks/CoreVideo.framework; sourceTree = SDKROOT; };
		53F9D8AB166F13E300CE185A /* Security.framework */ = {isa = PBXFileReference; lastKnownFileType = wrapper.framework; name = Security.framework; path = System/Library/Frameworks/Security.framework; sourceTree = SDKROOT; };
		53F9D8AD166F13F000CE185A /* MobileCoreServices.framework */ = {isa = PBXFileReference; lastKnownFileType = wrapper.framework; name = MobileCoreServices.framework; path = System/Library/Frameworks/MobileCoreServices.framework; sourceTree = SDKROOT; };
		53F9D8FB166F72CA00CE185A /* MediaPlayer.framework */ = {isa = PBXFileReference; lastKnownFileType = wrapper.framework; name = MediaPlayer.framework; path = System/Library/Frameworks/MediaPlayer.framework; sourceTree = SDKROOT; };
		7260465D1676F2610049951E /* ITVAppDelegate.h */ = {isa = PBXFileReference; fileEncoding = 4; lastKnownFileType = sourcecode.c.h; path = ITVAppDelegate.h; sourceTree = "<group>"; };
		7260465E1676F2610049951E /* ITVAppDelegate.m */ = {isa = PBXFileReference; fileEncoding = 4; lastKnownFileType = sourcecode.c.objc; path = ITVAppDelegate.m; sourceTree = "<group>"; };
		726046611676F29C0049951E /* ITVViewController.h */ = {isa = PBXFileReference; fileEncoding = 4; lastKnownFileType = sourcecode.c.h; path = ITVViewController.h; sourceTree = "<group>"; };
		726046621676F29C0049951E /* ITVViewController.m */ = {isa = PBXFileReference; fileEncoding = 4; lastKnownFileType = sourcecode.c.objc; path = ITVViewController.m; sourceTree = "<group>"; };
		726046651676F2AD0049951E /* UIImage+ImageFromView.h */ = {isa = PBXFileReference; fileEncoding = 4; lastKnownFileType = sourcecode.c.h; path = "UIImage+ImageFromView.h"; sourceTree = "<group>"; };
		726046661676F2AD0049951E /* UIImage+ImageFromView.m */ = {isa = PBXFileReference; fileEncoding = 4; lastKnownFileType = sourcecode.c.objc; path = "UIImage+ImageFromView.m"; sourceTree = "<group>"; };
/* End PBXFileReference section */

/* Begin PBXFrameworksBuildPhase section */
		53F9D863166DDE1400CE185A /* Frameworks */ = {
			isa = PBXFrameworksBuildPhase;
			buildActionMask = 2147483647;
			files = (
				53F9D8FC166F72CA00CE185A /* MediaPlayer.framework in Frameworks */,
				53F9D8AF166F140500CE185A /* AVFoundation.framework in Frameworks */,
				53F9D8AE166F13F000CE185A /* MobileCoreServices.framework in Frameworks */,
				53F9D8AC166F13E300CE185A /* Security.framework in Frameworks */,
				53F9D8AA166F137A00CE185A /* CoreVideo.framework in Frameworks */,
				53F9D8A8166F135D00CE185A /* QuartzCore.framework in Frameworks */,
				53F9D891166F0BED00CE185A /* CoreMedia.framework in Frameworks */,
				53F9D8A6166F132000CE185A /* CoreImage.framework in Frameworks */,
				53F9D86F166DDE1400CE185A /* CoreGraphics.framework in Frameworks */,
				53F9D8A4166F131100CE185A /* SystemConfiguration.framework in Frameworks */,
				53F9D86D166DDE1400CE185A /* Foundation.framework in Frameworks */,
				53F9D88F166F0BE500CE185A /* CoreAudio.framework in Frameworks */,
				53F9D86B166DDE1400CE185A /* UIKit.framework in Frameworks */,
			);
			runOnlyForDeploymentPostprocessing = 0;
		};
/* End PBXFrameworksBuildPhase section */

/* Begin PBXGroup section */
		53F9D85B166DDE1400CE185A = {
			isa = PBXGroup;
			children = (
				53F9D870166DDE1400CE185A /* ImageToVideo */,
				53F9D869166DDE1400CE185A /* Frameworks */,
				53F9D867166DDE1400CE185A /* Products */,
			);
			sourceTree = "<group>";
		};
		53F9D867166DDE1400CE185A /* Products */ = {
			isa = PBXGroup;
			children = (
				53F9D866166DDE1400CE185A /* ImageToVideo.app */,
			);
			name = Products;
			sourceTree = "<group>";
		};
		53F9D869166DDE1400CE185A /* Frameworks */ = {
			isa = PBXGroup;
			children = (
				53F9D8FB166F72CA00CE185A /* MediaPlayer.framework */,
				53F9D8AD166F13F000CE185A /* MobileCoreServices.framework */,
				53F9D8AB166F13E300CE185A /* Security.framework */,
				53F9D8A9166F137A00CE185A /* CoreVideo.framework */,
				53F9D8A7166F135D00CE185A /* QuartzCore.framework */,
				53F9D8A5166F132000CE185A /* CoreImage.framework */,
				53F9D8A3166F131100CE185A /* SystemConfiguration.framework */,
				53F9D892166F0C0700CE185A /* AVFoundation.framework */,
				53F9D890166F0BED00CE185A /* CoreMedia.framework */,
				53F9D88E166F0BE500CE185A /* CoreAudio.framework */,
				53F9D86A166DDE1400CE185A /* UIKit.framework */,
				53F9D86C166DDE1400CE185A /* Foundation.framework */,
				53F9D86E166DDE1400CE185A /* CoreGraphics.framework */,
			);
			name = Frameworks;
			sourceTree = "<group>";
		};
		53F9D870166DDE1400CE185A /* ImageToVideo */ = {
			isa = PBXGroup;
			children = (
				726046601676F29C0049951E /* RootViewControllers */,
				7260465C1676F2610049951E /* AppDelegates */,
				53F9D88A166DDE2700CE185A /* ImageToVideo */,
				53F9D871166DDE1400CE185A /* Supporting Files */,
			);
			path = ImageToVideo;
			sourceTree = "<group>";
		};
		53F9D871166DDE1400CE185A /* Supporting Files */ = {
			isa = PBXGroup;
			children = (
				53F9D872166DDE1400CE185A /* ImageToVideo-Info.plist */,
				53F9D873166DDE1400CE185A /* InfoPlist.strings */,
				53F9D876166DDE1400CE185A /* main.m */,
				53F9D878166DDE1400CE185A /* ImageToVideo-Prefix.pch */,
			);
			name = "Supporting Files";
			sourceTree = "<group>";
		};
		53F9D88A166DDE2700CE185A /* ImageToVideo */ = {
			isa = PBXGroup;
			children = (
				726046641676F2AD0049951E /* UIImage-ImageFromView */,
				53F9D88B166DDE5C00CE185A /* ImageToVideo.h */,
				53F9D88C166DDE5C00CE185A /* ImageToVideo.m */,
			);
			name = ImageToVideo;
			sourceTree = "<group>";
		};
		7260465C1676F2610049951E /* AppDelegates */ = {
			isa = PBXGroup;
			children = (
				7260465D1676F2610049951E /* ITVAppDelegate.h */,
				7260465E1676F2610049951E /* ITVAppDelegate.m */,
			);
			path = AppDelegates;
			sourceTree = "<group>";
		};
		726046601676F29C0049951E /* RootViewControllers */ = {
			isa = PBXGroup;
			children = (
				53F9D87F166DDE1400CE185A /* ITVViewController_iPhone.xib */,
				53F9D882166DDE1400CE185A /* ITVViewController_iPad.xib */,
				726046611676F29C0049951E /* ITVViewController.h */,
				726046621676F29C0049951E /* ITVViewController.m */,
			);
			path = RootViewControllers;
			sourceTree = "<group>";
		};
		726046641676F2AD0049951E /* UIImage-ImageFromView */ = {
			isa = PBXGroup;
			children = (
				726046651676F2AD0049951E /* UIImage+ImageFromView.h */,
				726046661676F2AD0049951E /* UIImage+ImageFromView.m */,
			);
			name = "UIImage-ImageFromView";
			path = "ImageToVideo/UIImage-ImageFromView";
			sourceTree = "<group>";
		};
/* End PBXGroup section */

/* Begin PBXNativeTarget section */
		53F9D865166DDE1400CE185A /* ImageToVideo */ = {
			isa = PBXNativeTarget;
			buildConfigurationList = 53F9D887166DDE1400CE185A /* Build configuration list for PBXNativeTarget "ImageToVideo" */;
			buildPhases = (
				53F9D862166DDE1400CE185A /* Sources */,
				53F9D863166DDE1400CE185A /* Frameworks */,
				53F9D864166DDE1400CE185A /* Resources */,
			);
			buildRules = (
			);
			dependencies = (
			);
			name = ImageToVideo;
			productName = ImageToVideo;
			productReference = 53F9D866166DDE1400CE185A /* ImageToVideo.app */;
			productType = "com.apple.product-type.application";
		};
/* End PBXNativeTarget section */

/* Begin PBXProject section */
		53F9D85D166DDE1400CE185A /* Project object */ = {
			isa = PBXProject;
			attributes = {
				CLASSPREFIX = ITV;
				LastUpgradeCheck = 0430;
			};
			buildConfigurationList = 53F9D860166DDE1400CE185A /* Build configuration list for PBXProject "ImageToVideo" */;
			compatibilityVersion = "Xcode 3.2";
			developmentRegion = English;
			hasScannedForEncodings = 0;
			knownRegions = (
				en,
			);
			mainGroup = 53F9D85B166DDE1400CE185A;
			productRefGroup = 53F9D867166DDE1400CE185A /* Products */;
			projectDirPath = "";
			projectRoot = "";
			targets = (
				53F9D865166DDE1400CE185A /* ImageToVideo */,
			);
		};
/* End PBXProject section */

/* Begin PBXResourcesBuildPhase section */
		53F9D864166DDE1400CE185A /* Resources */ = {
			isa = PBXResourcesBuildPhase;
			buildActionMask = 2147483647;
			files = (
				53F9D875166DDE1400CE185A /* InfoPlist.strings in Resources */,
				53F9D881166DDE1400CE185A /* ITVViewController_iPhone.xib in Resources */,
				53F9D884166DDE1400CE185A /* ITVViewController_iPad.xib in Resources */,
			);
			runOnlyForDeploymentPostprocessing = 0;
		};
/* End PBXResourcesBuildPhase section */

/* Begin PBXSourcesBuildPhase section */
		53F9D862166DDE1400CE185A /* Sources */ = {
			isa = PBXSourcesBuildPhase;
			buildActionMask = 2147483647;
			files = (
				53F9D897166F0DD100CE185A /* ImageToVideo.m in Sources */,
				53F9D877166DDE1400CE185A /* main.m in Sources */,
				7260465F1676F2610049951E /* ITVAppDelegate.m in Sources */,
				726046631676F29C0049951E /* ITVViewController.m in Sources */,
				726046671676F2AD0049951E /* UIImage+ImageFromView.m in Sources */,
			);
			runOnlyForDeploymentPostprocessing = 0;
		};
/* End PBXSourcesBuildPhase section */

/* Begin PBXVariantGroup section */
		53F9D873166DDE1400CE185A /* InfoPlist.strings */ = {
			isa = PBXVariantGroup;
			children = (
				53F9D874166DDE1400CE185A /* en */,
			);
			name = InfoPlist.strings;
			sourceTree = "<group>";
		};
		53F9D87F166DDE1400CE185A /* ITVViewController_iPhone.xib */ = {
			isa = PBXVariantGroup;
			children = (
				53F9D880166DDE1400CE185A /* en */,
			);
			name = ITVViewController_iPhone.xib;
			path = ..;
			sourceTree = "<group>";
		};
		53F9D882166DDE1400CE185A /* ITVViewController_iPad.xib */ = {
			isa = PBXVariantGroup;
			children = (
				53F9D883166DDE1400CE185A /* en */,
			);
			name = ITVViewController_iPad.xib;
			path = ..;
			sourceTree = "<group>";
		};
/* End PBXVariantGroup section */

/* Begin XCBuildConfiguration section */
		53F9D885166DDE1400CE185A /* Debug */ = {
			isa = XCBuildConfiguration;
			buildSettings = {
				ALWAYS_SEARCH_USER_PATHS = NO;
				ARCHS = "$(ARCHS_STANDARD_32_BIT)";
				"CODE_SIGN_IDENTITY[sdk=iphoneos*]" = "iPhone Developer";
				COPY_PHASE_STRIP = NO;
				GCC_C_LANGUAGE_STANDARD = gnu99;
				GCC_DYNAMIC_NO_PIC = NO;
				GCC_OPTIMIZATION_LEVEL = 0;
				GCC_PREPROCESSOR_DEFINITIONS = (
					"DEBUG=1",
					"$(inherited)",
				);
				GCC_SYMBOLS_PRIVATE_EXTERN = NO;
				GCC_VERSION = com.apple.compilers.llvm.clang.1_0;
				GCC_WARN_ABOUT_RETURN_TYPE = YES;
				GCC_WARN_UNINITIALIZED_AUTOS = YES;
				GCC_WARN_UNUSED_VARIABLE = YES;
				IPHONEOS_DEPLOYMENT_TARGET = 5.1;
				SDKROOT = iphoneos;
				TARGETED_DEVICE_FAMILY = "1,2";
			};
			name = Debug;
		};
		53F9D886166DDE1400CE185A /* Release */ = {
			isa = XCBuildConfiguration;
			buildSettings = {
				ALWAYS_SEARCH_USER_PATHS = NO;
				ARCHS = "$(ARCHS_STANDARD_32_BIT)";
				"CODE_SIGN_IDENTITY[sdk=iphoneos*]" = "iPhone Developer";
				COPY_PHASE_STRIP = YES;
				GCC_C_LANGUAGE_STANDARD = gnu99;
				GCC_VERSION = com.apple.compilers.llvm.clang.1_0;
				GCC_WARN_ABOUT_RETURN_TYPE = YES;
				GCC_WARN_UNINITIALIZED_AUTOS = YES;
				GCC_WARN_UNUSED_VARIABLE = YES;
				IPHONEOS_DEPLOYMENT_TARGET = 5.1;
				OTHER_CFLAGS = "-DNS_BLOCK_ASSERTIONS=1";
				SDKROOT = iphoneos;
				TARGETED_DEVICE_FAMILY = "1,2";
				VALIDATE_PRODUCT = YES;
			};
			name = Release;
		};
		53F9D888166DDE1400CE185A /* Debug */ = {
			isa = XCBuildConfiguration;
			buildSettings = {
				ALWAYS_SEARCH_USER_PATHS = YES;
				GCC_PRECOMPILE_PREFIX_HEADER = YES;
				GCC_PREFIX_HEADER = "ImageToVideo/ImageToVideo-Prefix.pch";
				GCC_VERSION = com.apple.compilers.llvm.clang.1_0;
				HEADER_SEARCH_PATHS = "$(SDKROOT)/usr/include/libxml2/**";
				INFOPLIST_FILE = "ImageToVideo/ImageToVideo-Info.plist";
				ONLY_ACTIVE_ARCH = YES;
				OTHER_LDFLAGS = (
					"-ObjC",
					"-fobjc-arc",
				);
				PRODUCT_NAME = "$(TARGET_NAME)";
				WRAPPER_EXTENSION = app;
			};
			name = Debug;
		};
		53F9D889166DDE1400CE185A /* Release */ = {
			isa = XCBuildConfiguration;
			buildSettings = {
				ALWAYS_SEARCH_USER_PATHS = YES;
				GCC_PRECOMPILE_PREFIX_HEADER = YES;
				GCC_PREFIX_HEADER = "ImageToVideo/ImageToVideo-Prefix.pch";
				GCC_VERSION = com.apple.compilers.llvm.clang.1_0;
				HEADER_SEARCH_PATHS = "$(SDKROOT)/usr/include/libxml2/**";
				INFOPLIST_FILE = "ImageToVideo/ImageToVideo-Info.plist";
				ONLY_ACTIVE_ARCH = YES;
				OTHER_LDFLAGS = (
					"-ObjC",
					"-fobjc-arc",
				);
				PRODUCT_NAME = "$(TARGET_NAME)";
				WRAPPER_EXTENSION = app;
			};
			name = Release;
		};
/* End XCBuildConfiguration section */

/* Begin XCConfigurationList section */
		53F9D860166DDE1400CE185A /* Build configuration list for PBXProject "ImageToVideo" */ = {
			isa = XCConfigurationList;
			buildConfigurations = (
				53F9D885166DDE1400CE185A /* Debug */,
				53F9D886166DDE1400CE185A /* Release */,
			);
			defaultConfigurationIsVisible = 0;
			defaultConfigurationName = Release;
		};
		53F9D887166DDE1400CE185A /* Build configuration list for PBXNativeTarget "ImageToVideo" */ = {
			isa = XCConfigurationList;
			buildConfigurations = (
				53F9D888166DDE1400CE185A /* Debug */,
				53F9D889166DDE1400CE185A /* Release */,
			);
			defaultConfigurationIsVisible = 0;
			defaultConfigurationName = Release;
		};
/* End XCConfigurationList section */
	};
	rootObject = 53F9D85D166DDE1400CE185A /* Project object */;
}
